
Microsoft Visual Studio Solution File, Format Version 12.00
# Visual Studio Version 17
VisualStudioVersion = 17.7.34031.279
MinimumVisualStudioVersion = 10.0.40219.1
Project("{FAE04EC0-301F-11D3-BF4B-00C04F79EFBC}") = "NGO_Zerohunger", "NGO_Zerohunger.csproj", "{157AA354-84ED-4CE7-885D-23F719F05FC0}"
EndProject
Global
	GlobalSection(SolutionConfigurationPlatforms) = preSolution
		Debug|Any CPU = Debug|Any CPU
		Release|Any CPU = Release|Any CPU
	EndGlobalSection
	GlobalSection(ProjectConfigurationPlatforms) = postSolution
		{157AA354-84ED-4CE7-885D-23F719F05FC0}.Debug|Any CPU.ActiveCfg = Debug|Any CPU
		{157AA354-84ED-4CE7-885D-23F719F05FC0}.Debug|Any CPU.Build.0 = Debug|Any CPU
		{157AA354-84ED-4CE7-885D-23F719F05FC0}.Release|Any CPU.ActiveCfg = Release|Any CPU
		{157AA354-84ED-4CE7-885D-23F719F05FC0}.Release|Any CPU.Build.0 = Release|Any CPU
	EndGlobalSection
	GlobalSection(SolutionProperties) = preSolution
		HideSolutionNode = FALSE
	EndGlobalSection
	GlobalSection(ExtensibilityGlobals) = postSolution
		SolutionGuid = {89794622-65C5-4F26-B85E-B9476F90B452}
	EndGlobalSection
EndGlobal
